{
  "name": "@modbus2mqtt/test2",
  "version": "1.0.1",
  "lockfileVersion": 3,
  "requires": true,
  "packages": {
    "": {
      "name": "@modbus2mqtt/test2",
      "version": "1.0.1",
      "license": "MIT",
      "dependencies": {
        "@modbus2mqtt/test1": "github:modbus2mqtt/test1#v1.0.4"
      }
    },
    "node_modules/@modbus2mqtt/test1": {
      "version": "1.0.4",
      "resolved": "git+ssh://git@github.com/modbus2mqtt/test1.git#81335f36c9727f72d8aa47824cf05dc75e7cef0d",
      "license": "MIT"
    }
  }
}
