{
  "name": "test2",
  "version": "1.0.0",
  "lockfileVersion": 3,
  "requires": true,
  "packages": {
    "": {
      "name": "test2",
      "version": "1.0.0",
      "license": "MIT",
      "dependencies": {
        "test1": "file:../test1"
      }
    },
    "../test1": {
      "version": "1.0.0",
      "license": "MIT"
    },
    "node_modules/test1": {
      "resolved": "../test1",
      "link": true
    }
  }
}
